// !$*UTF8*$!
{
	archiveVersion = 1;
	classes = {
	};
	objectVersion = 46;
	objects = {

/* Begin PBXBuildFile section */
		17A9C7B21C63E84D006167CF /* AppDelegate.swift in Sources */ = {isa = PBXBuildFile; fileRef = 17A9C7B11C63E84D006167CF /* AppDelegate.swift */; };
		17A9C7B71C63E84D006167CF /* Main.storyboard in Resources */ = {isa = PBXBuildFile; fileRef = 17A9C7B51C63E84D006167CF /* Main.storyboard */; };
		17A9C7B91C63E84D006167CF /* Assets.xcassets in Resources */ = {isa = PBXBuildFile; fileRef = 17A9C7B81C63E84D006167CF /* Assets.xcassets */; };
		17A9C7BC1C63E84D006167CF /* LaunchScreen.storyboard in Resources */ = {isa = PBXBuildFile; fileRef = 17A9C7BA1C63E84D006167CF /* LaunchScreen.storyboard */; };
		17B6B9C91C640082003473F3 /* ConversionViewController.swift in Sources */ = {isa = PBXBuildFile; fileRef = 17B6B9C81C640082003473F3 /* ConversionViewController.swift */; };
/* End PBXBuildFile section */

/* Begin PBXFileReference section */
		17A9C7AE1C63E84D006167CF /* WorldTrotter.app */ = {isa = PBXFileReference; explicitFileType = wrapper.application; includeInIndex = 0; path = WorldTrotter.app; sourceTree = BUILT_PRODUCTS_DIR; };
		17A9C7B11C63E84D006167CF /* AppDelegate.swift */ = {isa = PBXFileReference; lastKnownFileType = sourcecode.swift; path = AppDelegate.swift; sourceTree = "<group>"; };
		17A9C7B61C63E84D006167CF /* Base */ = {isa = PBXFileReference; lastKnownFileType = file.storyboard; name = Base; path = Base.lproj/Main.storyboard; sourceTree = "<group>"; };
		17A9C7B81C63E84D006167CF /* Assets.xcassets */ = {isa = PBXFileReference; lastKnownFileType = folder.assetcatalog; path = Assets.xcassets; sourceTree = "<group>"; };
		17A9C7BB1C63E84D006167CF /* Base */ = {isa = PBXFileReference; lastKnownFileType = file.storyboard; name = Base; path = Base.lproj/LaunchScreen.storyboard; sourceTree = "<group>"; };
		17A9C7BD1C63E84D006167CF /* Info.plist */ = {isa = PBXFileReference; lastKnownFileType = text.plist.xml; path = Info.plist; sourceTree = "<group>"; };
		17B6B9C81C640082003473F3 /* ConversionViewController.swift */ = {isa = PBXFileReference; fileEncoding = 4; lastKnownFileType = sourcecode.swift; path = ConversionViewController.swift; sourceTree = "<group>"; };
/* End PBXFileReference section */

/* Begin PBXFrameworksBuildPhase section */
		17A9C7AB1C63E84D006167CF /* Frameworks */ = {
			isa = PBXFrameworksBuildPhase;
			buildActionMask = 2147483647;
			files = (
			);
			runOnlyForDeploymentPostprocessing = 0;
		};
/* End PBXFrameworksBuildPhase section */

/* Begin PBXGroup section */
		17A9C7A51C63E84C006167CF = {
			isa = PBXGroup;
			children = (
				17A9C7B01C63E84D006167CF /* WorldTrotter */,
				17A9C7AF1C63E84D006167CF /* Products */,
			);
			sourceTree = "<group>";
		};
		17A9C7AF1C63E84D006167CF /* Products */ = {
			isa = PBXGroup;
			children = (
				17A9C7AE1C63E84D006167CF /* WorldTrotter.app */,
			);
			name = Products;
			sourceTree = "<group>";
		};
		17A9C7B01C63E84D006167CF /* WorldTrotter */ = {
			isa = PBXGroup;
			children = (
				17A9C7B11C63E84D006167CF /* AppDelegate.swift */,
				17A9C7B51C63E84D006167CF /* Main.storyboard */,
				17A9C7B81C63E84D006167CF /* Assets.xcassets */,
				17A9C7BA1C63E84D006167CF /* LaunchScreen.storyboard */,
				17A9C7BD1C63E84D006167CF /* Info.plist */,
				17B6B9C81C640082003473F3 /* ConversionViewController.swift */,
			);
			path = WorldTrotter;
			sourceTree = "<group>";
		};
/* End PBXGroup section */

/* Begin PBXNativeTarget section */
		17A9C7AD1C63E84D006167CF /* WorldTrotter */ = {
			isa = PBXNativeTarget;
			buildConfigurationList = 17A9C7C01C63E84D006167CF /* Build configuration list for PBXNativeTarget "WorldTrotter" */;
			buildPhases = (
				17A9C7AA1C63E84D006167CF /* Sources */,
				17A9C7AB1C63E84D006167CF /* Frameworks */,
				17A9C7AC1C63E84D006167CF /* Resources */,
			);
			buildRules = (
			);
			dependencies = (
			);
			name = WorldTrotter;
			productName = WorldTrotter;
			productReference = 17A9C7AE1C63E84D006167CF /* WorldTrotter.app */;
			productType = "com.apple.product-type.application";
		};
/* End PBXNativeTarget section */

/* Begin PBXProject section */
		17A9C7A61C63E84C006167CF /* Project object */ = {
			isa = PBXProject;
			attributes = {
				LastSwiftUpdateCheck = 0720;
				LastUpgradeCheck = 0720;
				ORGANIZATIONNAME = "Alex Izotov";
				TargetAttributes = {
					17A9C7AD1C63E84D006167CF = {
						CreatedOnToolsVersion = 7.2;
					};
				};
			};
			buildConfigurationList = 17A9C7A91C63E84C006167CF /* Build configuration list for PBXProject "WorldTrotter" */;
			compatibilityVersion = "Xcode 3.2";
			developmentRegion = English;
			hasScannedForEncodings = 0;
			knownRegions = (
				en,
				Base,
			);
			mainGroup = 17A9C7A51C63E84C006167CF;
			productRefGroup = 17A9C7AF1C63E84D006167CF /* Products */;
			projectDirPath = "";
			projectRoot = "";
			targets = (
				17A9C7AD1C63E84D006167CF /* WorldTrotter */,
			);
		};
/* End PBXProject section */

/* Begin PBXResourcesBuildPhase section */
		17A9C7AC1C63E84D006167CF /* Resources */ = {
			isa = PBXResourcesBuildPhase;
			buildActionMask = 2147483647;
			files = (
				17A9C7BC1C63E84D006167CF /* LaunchScreen.storyboard in Resources */,
				17A9C7B91C63E84D006167CF /* Assets.xcassets in Resources */,
				17A9C7B71C63E84D006167CF /* Main.storyboard in Resources */,
			);
			runOnlyForDeploymentPostprocessing = 0;
		};
/* End PBXResourcesBuildPhase section */

/* Begin PBXSourcesBuildPhase section */
		17A9C7AA1C63E84D006167CF /* Sources */ = {
			isa = PBXSourcesBuildPhase;
			buildActionMask = 2147483647;
			files = (
				17A9C7B21C63E84D006167CF /* AppDelegate.swift in Sources */,
				17B6B9C91C640082003473F3 /* ConversionViewController.swift in Sources */,
			);
			runOnlyForDeploymentPostprocessing = 0;
		};
/* End PBXSourcesBuildPhase section */

/* Begin PBXVariantGroup section */
		17A9C7B51C63E84D006167CF /* Main.storyboard */ = {
			isa = PBXVariantGroup;
			children = (
				17A9C7B61C63E84D006167CF /* Base */,
			);
			name = Main.storyboard;
			sourceTree = "<group>";
		};
		17A9C7BA1C63E84D006167CF /* LaunchScreen.storyboard */ = {
			isa = PBXVariantGroup;
			children = (
				17A9C7BB1C63E84D006167CF /* Base */,
			);
			name = LaunchScreen.storyboard;
			sourceTree = "<group>";
		};
/* End PBXVariantGroup section */

/* Begin XCBuildConfiguration section */
		17A9C7BE1C63E84D006167CF /* Debug */ = {
			isa = XCBuildConfiguration;
			buildSettings = {
				ALWAYS_SEARCH_USER_PATHS = NO;
				CLANG_CXX_LANGUAGE_STANDARD = "gnu++0x";
				CLANG_CXX_LIBRARY = "libc++";
				CLANG_ENABLE_MODULES = YES;
				CLANG_ENABLE_OBJC_ARC = YES;
				CLANG_WARN_BOOL_CONVERSION = YES;
				CLANG_WARN_CONSTANT_CONVERSION = YES;
				CLANG_WARN_DIRECT_OBJC_ISA_USAGE = YES_ERROR;
				CLANG_WARN_EMPTY_BODY = YES;
				CLANG_WARN_ENUM_CONVERSION = YES;
				CLANG_WARN_INT_CONVERSION = YES;
				CLANG_WARN_OBJC_ROOT_CLASS = YES_ERROR;
				CLANG_WARN_UNREACHABLE_CODE = YES;
				CLANG_WARN__DUPLICATE_METHOD_MATCH = YES;
				"CODE_SIGN_IDENTITY[sdk=iphoneos*]" = "iPhone Developer";
				COPY_PHASE_STRIP = NO;
				DEBUG_INFORMATION_FORMAT = dwarf;
				ENABLE_STRICT_OBJC_MSGSEND = YES;
				ENABLE_TESTABILITY = YES;
				GCC_C_LANGUAGE_STANDARD = gnu99;
				GCC_DYNAMIC_NO_PIC = NO;
				GCC_NO_COMMON_BLOCKS = YES;
				GCC_OPTIMIZATION_LEVEL = 0;
				GCC_PREPROCESSOR_DEFINITIONS = (
					"DEBUG=1",
					"$(inherited)",
				);
				GCC_WARN_64_TO_32_BIT_CONVERSION = YES;
				GCC_WARN_ABOUT_RETURN_TYPE = YES_ERROR;
				GCC_WARN_UNDECLARED_SELECTOR = YES;
				GCC_WARN_UNINITIALIZED_AUTOS = YES_AGGRESSIVE;
				GCC_WARN_UNUSED_FUNCTION = YES;
				GCC_WARN_UNUSED_VARIABLE = YES;
				IPHONEOS_DEPLOYMENT_TARGET = 9.2;
				MTL_ENABLE_DEBUG_INFO = YES;
				ONLY_ACTIVE_ARCH = YES;
				SDKROOT = iphoneos;
				SWIFT_OPTIMIZATION_LEVEL = "-Onone";
			};
			name = Debug;
		};
		17A9C7BF1C63E84D006167CF /* Release */ = {
			isa = XCBuildConfiguration;
			buildSettings = {
				ALWAYS_SEARCH_USER_PATHS = NO;
				CLANG_CXX_LANGUAGE_STANDARD = "gnu++0x";
				CLANG_CXX_LIBRARY = "libc++";
				CLANG_ENABLE_MODULES = YES;
				CLANG_ENABLE_OBJC_ARC = YES;
				CLANG_WARN_BOOL_CONVERSION = YES;
				CLANG_WARN_CONSTANT_CONVERSION = YES;
				CLANG_WARN_DIRECT_OBJC_ISA_USAGE = YES_ERROR;
				CLANG_WARN_EMPTY_BODY = YES;
				CLANG_WARN_ENUM_CONVERSION = YES;
				CLANG_WARN_INT_CONVERSION = YES;
				CLANG_WARN_OBJC_ROOT_CLASS = YES_ERROR;
				CLANG_WARN_UNREACHABLE_CODE = YES;
				CLANG_WARN__DUPLICATE_METHOD_MATCH = YES;
				"CODE_SIGN_IDENTITY[sdk=iphoneos*]" = "iPhone Developer";
				COPY_PHASE_STRIP = NO;
				DEBUG_INFORMATION_FORMAT = "dwarf-with-dsym";
				ENABLE_NS_ASSERTIONS = NO;
				ENABLE_STRICT_OBJC_MSGSEND = YES;
				GCC_C_LANGUAGE_STANDARD = gnu99;
				GCC_NO_COMMON_BLOCKS = YES;
				GCC_WARN_64_TO_32_BIT_CONVERSION = YES;
				GCC_WARN_ABOUT_RETURN_TYPE = YES_ERROR;
				GCC_WARN_UNDECLARED_SELECTOR = YES;
				GCC_WARN_UNINITIALIZED_AUTOS = YES_AGGRESSIVE;
				GCC_WARN_UNUSED_FUNCTION = YES;
				GCC_WARN_UNUSED_VARIABLE = YES;
				IPHONEOS_DEPLOYMENT_TARGET = 9.2;
				MTL_ENABLE_DEBUG_INFO = NO;
				SDKROOT = iphoneos;
				VALIDATE_PRODUCT = YES;
			};
			name = Release;
		};
		17A9C7C11C63E84D006167CF /* Debug */ = {
			isa = XCBuildConfiguration;
			buildSettings = {
				ASSETCATALOG_COMPILER_APPICON_NAME = AppIcon;
				INFOPLIST_FILE = WorldTrotter/Info.plist;
				LD_RUNPATH_SEARCH_PATHS = "$(inherited) @executable_path/Frameworks";
				PRODUCT_BUNDLE_IDENTIFIER = alex.izotov.WorldTrotter;
				PRODUCT_NAME = "$(TARGET_NAME)";
			};
			name = Debug;
		};
		17A9C7C21C63E84D006167CF /* Release */ = {
			isa = XCBuildConfiguration;
			buildSettings = {
				ASSETCATALOG_COMPILER_APPICON_NAME = AppIcon;
				INFOPLIST_FILE = WorldTrotter/Info.plist;
				LD_RUNPATH_SEARCH_PATHS = "$(inherited) @executable_path/Frameworks";
				PRODUCT_BUNDLE_IDENTIFIER = alex.izotov.WorldTrotter;
				PRODUCT_NAME = "$(TARGET_NAME)";
			};
			name = Release;
		};
/* End XCBuildConfiguration section */

/* Begin XCConfigurationList section */
		17A9C7A91C63E84C006167CF /* Build configuration list for PBXProject "WorldTrotter" */ = {
			isa = XCConfigurationList;
			buildConfigurations = (
				17A9C7BE1C63E84D006167CF /* Debug */,
				17A9C7BF1C63E84D006167CF /* Release */,
			);
			defaultConfigurationIsVisible = 0;
			defaultConfigurationName = Release;
		};
		17A9C7C01C63E84D006167CF /* Build configuration list for PBXNativeTarget "WorldTrotter" */ = {
			isa = XCConfigurationList;
			buildConfigurations = (
				17A9C7C11C63E84D006167CF /* Debug */,
				17A9C7C21C63E84D006167CF /* Release */,
			);
			defaultConfigurationIsVisible = 0;
			defaultConfigurationName = Release;
		};
/* End XCConfigurationList section */
	};
	rootObject = 17A9C7A61C63E84C006167CF /* Project object */;
}
